// !$*UTF8*$!
{
	archiveVersion = 1;
	classes = {
	};
	objectVersion = 50;
	objects = {

/* Begin PBXBuildFile section */
		A207D72D21B2FAD400333909 /* AppDelegate.swift in Sources */ = {isa = PBXBuildFile; fileRef = A207D72C21B2FAD400333909 /* AppDelegate.swift */; };
		A207D72F21B2FAD400333909 /* ViewController.swift in Sources */ = {isa = PBXBuildFile; fileRef = A207D72E21B2FAD400333909 /* ViewController.swift */; };
		A207D73221B2FAD400333909 /* Main.storyboard in Resources */ = {isa = PBXBuildFile; fileRef = A207D73021B2FAD400333909 /* Main.storyboard */; };
		A207D73521B2FAD400333909 /* ProyectoSwift.xcdatamodeld in Sources */ = {isa = PBXBuildFile; fileRef = A207D73321B2FAD400333909 /* ProyectoSwift.xcdatamodeld */; };
		A207D73721B2FAD500333909 /* Assets.xcassets in Resources */ = {isa = PBXBuildFile; fileRef = A207D73621B2FAD500333909 /* Assets.xcassets */; };
		A207D73A21B2FAD500333909 /* LaunchScreen.storyboard in Resources */ = {isa = PBXBuildFile; fileRef = A207D73821B2FAD500333909 /* LaunchScreen.storyboard */; };
/* End PBXBuildFile section */

/* Begin PBXFileReference section */
		A207D72921B2FAD400333909 /* ProyectoSwift.app */ = {isa = PBXFileReference; explicitFileType = wrapper.application; includeInIndex = 0; path = ProyectoSwift.app; sourceTree = BUILT_PRODUCTS_DIR; };
		A207D72C21B2FAD400333909 /* AppDelegate.swift */ = {isa = PBXFileReference; lastKnownFileType = sourcecode.swift; path = AppDelegate.swift; sourceTree = "<group>"; };
		A207D72E21B2FAD400333909 /* ViewController.swift */ = {isa = PBXFileReference; lastKnownFileType = sourcecode.swift; path = ViewController.swift; sourceTree = "<group>"; };
		A207D73121B2FAD400333909 /* Base */ = {isa = PBXFileReference; lastKnownFileType = file.storyboard; name = Base; path = Base.lproj/Main.storyboard; sourceTree = "<group>"; };
		A207D73421B2FAD400333909 /* ProyectoSwift.xcdatamodel */ = {isa = PBXFileReference; lastKnownFileType = wrapper.xcdatamodel; path = ProyectoSwift.xcdatamodel; sourceTree = "<group>"; };
		A207D73621B2FAD500333909 /* Assets.xcassets */ = {isa = PBXFileReference; lastKnownFileType = folder.assetcatalog; path = Assets.xcassets; sourceTree = "<group>"; };
		A207D73921B2FAD500333909 /* Base */ = {isa = PBXFileReference; lastKnownFileType = file.storyboard; name = Base; path = Base.lproj/LaunchScreen.storyboard; sourceTree = "<group>"; };
		A207D73B21B2FAD500333909 /* Info.plist */ = {isa = PBXFileReference; lastKnownFileType = text.plist.xml; path = Info.plist; sourceTree = "<group>"; };
/* End PBXFileReference section */

/* Begin PBXFrameworksBuildPhase section */
		A207D72621B2FAD400333909 /* Frameworks */ = {
			isa = PBXFrameworksBuildPhase;
			buildActionMask = 2147483647;
			files = (
			);
			runOnlyForDeploymentPostprocessing = 0;
		};
/* End PBXFrameworksBuildPhase section */

/* Begin PBXGroup section */
		A207D72021B2FAD400333909 = {
			isa = PBXGroup;
			children = (
				A207D72B21B2FAD400333909 /* ProyectoSwift */,
				A207D72A21B2FAD400333909 /* Products */,
			);
			sourceTree = "<group>";
		};
		A207D72A21B2FAD400333909 /* Products */ = {
			isa = PBXGroup;
			children = (
				A207D72921B2FAD400333909 /* ProyectoSwift.app */,
			);
			name = Products;
			sourceTree = "<group>";
		};
		A207D72B21B2FAD400333909 /* ProyectoSwift */ = {
			isa = PBXGroup;
			children = (
				A207D72C21B2FAD400333909 /* AppDelegate.swift */,
				A207D72E21B2FAD400333909 /* ViewController.swift */,
				A207D73021B2FAD400333909 /* Main.storyboard */,
				A207D73621B2FAD500333909 /* Assets.xcassets */,
				A207D73821B2FAD500333909 /* LaunchScreen.storyboard */,
				A207D73B21B2FAD500333909 /* Info.plist */,
				A207D73321B2FAD400333909 /* ProyectoSwift.xcdatamodeld */,
			);
			path = ProyectoSwift;
			sourceTree = "<group>";
		};
/* End PBXGroup section */

/* Begin PBXNativeTarget section */
		A207D72821B2FAD400333909 /* ProyectoSwift */ = {
			isa = PBXNativeTarget;
			buildConfigurationList = A207D73E21B2FAD500333909 /* Build configuration list for PBXNativeTarget "ProyectoSwift" */;
			buildPhases = (
				A207D72521B2FAD400333909 /* Sources */,
				A207D72621B2FAD400333909 /* Frameworks */,
				A207D72721B2FAD400333909 /* Resources */,
			);
			buildRules = (
			);
			dependencies = (
			);
			name = ProyectoSwift;
			productName = ProyectoSwift;
			productReference = A207D72921B2FAD400333909 /* ProyectoSwift.app */;
			productType = "com.apple.product-type.application";
		};
/* End PBXNativeTarget section */

/* Begin PBXProject section */
		A207D72121B2FAD400333909 /* Project object */ = {
			isa = PBXProject;
			attributes = {
				LastSwiftUpdateCheck = 1010;
				LastUpgradeCheck = 1010;
				ORGANIZATIONNAME = wendy;
				TargetAttributes = {
					A207D72821B2FAD400333909 = {
						CreatedOnToolsVersion = 10.1;
					};
				};
			};
			buildConfigurationList = A207D72421B2FAD400333909 /* Build configuration list for PBXProject "ProyectoSwift" */;
			compatibilityVersion = "Xcode 9.3";
			developmentRegion = en;
			hasScannedForEncodings = 0;
			knownRegions = (
				en,
				Base,
			);
			mainGroup = A207D72021B2FAD400333909;
			productRefGroup = A207D72A21B2FAD400333909 /* Products */;
			projectDirPath = "";
			projectRoot = "";
			targets = (
				A207D72821B2FAD400333909 /* ProyectoSwift */,
			);
		};
/* End PBXProject section */

/* Begin PBXResourcesBuildPhase section */
		A207D72721B2FAD400333909 /* Resources */ = {
			isa = PBXResourcesBuildPhase;
			buildActionMask = 2147483647;
			files = (
				A207D73A21B2FAD500333909 /* LaunchScreen.storyboard in Resources */,
				A207D73721B2FAD500333909 /* Assets.xcassets in Resources */,
				A207D73221B2FAD400333909 /* Main.storyboard in Resources */,
			);
			runOnlyForDeploymentPostprocessing = 0;
		};
/* End PBXResourcesBuildPhase section */

/* Begin PBXSourcesBuildPhase section */
		A207D72521B2FAD400333909 /* Sources */ = {
			isa = PBXSourcesBuildPhase;
			buildActionMask = 2147483647;
			files = (
				A207D72F21B2FAD400333909 /* ViewController.swift in Sources */,
				A207D73521B2FAD400333909 /* ProyectoSwift.xcdatamodeld in Sources */,
				A207D72D21B2FAD400333909 /* AppDelegate.swift in Sources */,
			);
			runOnlyForDeploymentPostprocessing = 0;
		};
/* End PBXSourcesBuildPhase section */

/* Begin PBXVariantGroup section */
		A207D73021B2FAD400333909 /* Main.storyboard */ = {
			isa = PBXVariantGroup;
			children = (
				A207D73121B2FAD400333909 /* Base */,
			);
			name = Main.storyboard;
			sourceTree = "<group>";
		};
		A207D73821B2FAD500333909 /* LaunchScreen.storyboard */ = {
			isa = PBXVariantGroup;
			children = (
				A207D73921B2FAD500333909 /* Base */,
			);
			name = LaunchScreen.storyboard;
			sourceTree = "<group>";
		};
/* End PBXVariantGroup section */

/* Begin XCBuildConfiguration section */
		A207D73C21B2FAD500333909 /* Debug */ = {
			isa = XCBuildConfiguration;
			buildSettings = {
				ALWAYS_SEARCH_USER_PATHS = NO;
				CLANG_ANALYZER_NONNULL = YES;
				CLANG_ANALYZER_NUMBER_OBJECT_CONVERSION = YES_AGGRESSIVE;
				CLANG_CXX_LANGUAGE_STANDARD = "gnu++14";
				CLANG_CXX_LIBRARY = "libc++";
				CLANG_ENABLE_MODULES = YES;
				CLANG_ENABLE_OBJC_ARC = YES;
				CLANG_ENABLE_OBJC_WEAK = YES;
				CLANG_WARN_BLOCK_CAPTURE_AUTORELEASING = YES;
				CLANG_WARN_BOOL_CONVERSION = YES;
				CLANG_WARN_COMMA = YES;
				CLANG_WARN_CONSTANT_CONVERSION = YES;
				CLANG_WARN_DEPRECATED_OBJC_IMPLEMENTATIONS = YES;
				CLANG_WARN_DIRECT_OBJC_ISA_USAGE = YES_ERROR;
				CLANG_WARN_DOCUMENTATION_COMMENTS = YES;
				CLANG_WARN_EMPTY_BODY = YES;
				CLANG_WARN_ENUM_CONVERSION = YES;
				CLANG_WARN_INFINITE_RECURSION = YES;
				CLANG_WARN_INT_CONVERSION = YES;
				CLANG_WARN_NON_LITERAL_NULL_CONVERSION = YES;
				CLANG_WARN_OBJC_IMPLICIT_RETAIN_SELF = YES;
				CLANG_WARN_OBJC_LITERAL_CONVERSION = YES;
				CLANG_WARN_OBJC_ROOT_CLASS = YES_ERROR;
				CLANG_WARN_RANGE_LOOP_ANALYSIS = YES;
				CLANG_WARN_STRICT_PROTOTYPES = YES;
				CLANG_WARN_SUSPICIOUS_MOVE = YES;
				CLANG_WARN_UNGUARDED_AVAILABILITY = YES_AGGRESSIVE;
				CLANG_WARN_UNREACHABLE_CODE = YES;
				CLANG_WARN__DUPLICATE_METHOD_MATCH = YES;
				CODE_SIGN_IDENTITY = "iPhone Developer";
				COPY_PHASE_STRIP = NO;
				DEBUG_INFORMATION_FORMAT = dwarf;
				ENABLE_STRICT_OBJC_MSGSEND = YES;
				ENABLE_TESTABILITY = YES;
				GCC_C_LANGUAGE_STANDARD = gnu11;
				GCC_DYNAMIC_NO_PIC = NO;
				GCC_NO_COMMON_BLOCKS = YES;
				GCC_OPTIMIZATION_LEVEL = 0;
				GCC_PREPROCESSOR_DEFINITIONS = (
					"DEBUG=1",
					"$(inherited)",
				);
				GCC_WARN_64_TO_32_BIT_CONVERSION = YES;
				GCC_WARN_ABOUT_RETURN_TYPE = YES_ERROR;
				GCC_WARN_UNDECLARED_SELECTOR = YES;
				GCC_WARN_UNINITIALIZED_AUTOS = YES_AGGRESSIVE;
				GCC_WARN_UNUSED_FUNCTION = YES;
				GCC_WARN_UNUSED_VARIABLE = YES;
				IPHONEOS_DEPLOYMENT_TARGET = 12.1;
				MTL_ENABLE_DEBUG_INFO = INCLUDE_SOURCE;
				MTL_FAST_MATH = YES;
				ONLY_ACTIVE_ARCH = YES;
				SDKROOT = iphoneos;
				SWIFT_ACTIVE_COMPILATION_CONDITIONS = DEBUG;
				SWIFT_OPTIMIZATION_LEVEL = "-Onone";
			};
			name = Debug;
		};
		A207D73D21B2FAD500333909 /* Release */ = {
			isa = XCBuildConfiguration;
			buildSettings = {
				ALWAYS_SEARCH_USER_PATHS = NO;
				CLANG_ANALYZER_NONNULL = YES;
				CLANG_ANALYZER_NUMBER_OBJECT_CONVERSION = YES_AGGRESSIVE;
				CLANG_CXX_LANGUAGE_STANDARD = "gnu++14";
				CLANG_CXX_LIBRARY = "libc++";
				CLANG_ENABLE_MODULES = YES;
				CLANG_ENABLE_OBJC_ARC = YES;
				CLANG_ENABLE_OBJC_WEAK = YES;
				CLANG_WARN_BLOCK_CAPTURE_AUTORELEASING = YES;
				CLANG_WARN_BOOL_CONVERSION = YES;
				CLANG_WARN_COMMA = YES;
				CLANG_WARN_CONSTANT_CONVERSION = YES;
				CLANG_WARN_DEPRECATED_OBJC_IMPLEMENTATIONS = YES;
				CLANG_WARN_DIRECT_OBJC_ISA_USAGE = YES_ERROR;
				CLANG_WARN_DOCUMENTATION_COMMENTS = YES;
				CLANG_WARN_EMPTY_BODY = YES;
				CLANG_WARN_ENUM_CONVERSION = YES;
				CLANG_WARN_INFINITE_RECURSION = YES;
				CLANG_WARN_INT_CONVERSION = YES;
				CLANG_WARN_NON_LITERAL_NULL_CONVERSION = YES;
				CLANG_WARN_OBJC_IMPLICIT_RETAIN_SELF = YES;
				CLANG_WARN_OBJC_LITERAL_CONVERSION = YES;
				CLANG_WARN_OBJC_ROOT_CLASS = YES_ERROR;
				CLANG_WARN_RANGE_LOOP_ANALYSIS = YES;
				CLANG_WARN_STRICT_PROTOTYPES = YES;
				CLANG_WARN_SUSPICIOUS_MOVE = YES;
				CLANG_WARN_UNGUARDED_AVAILABILITY = YES_AGGRESSIVE;
				CLANG_WARN_UNREACHABLE_CODE = YES;
				CLANG_WARN__DUPLICATE_METHOD_MATCH = YES;
				CODE_SIGN_IDENTITY = "iPhone Developer";
				COPY_PHASE_STRIP = NO;
				DEBUG_INFORMATION_FORMAT = "dwarf-with-dsym";
				ENABLE_NS_ASSERTIONS = NO;
				ENABLE_STRICT_OBJC_MSGSEND = YES;
				GCC_C_LANGUAGE_STANDARD = gnu11;
				GCC_NO_COMMON_BLOCKS = YES;
				GCC_WARN_64_TO_32_BIT_CONVERSION = YES;
				GCC_WARN_ABOUT_RETURN_TYPE = YES_ERROR;
				GCC_WARN_UNDECLARED_SELECTOR = YES;
				GCC_WARN_UNINITIALIZED_AUTOS = YES_AGGRESSIVE;
				GCC_WARN_UNUSED_FUNCTION = YES;
				GCC_WARN_UNUSED_VARIABLE = YES;
				IPHONEOS_DEPLOYMENT_TARGET = 12.1;
				MTL_ENABLE_DEBUG_INFO = NO;
				MTL_FAST_MATH = YES;
				SDKROOT = iphoneos;
				SWIFT_COMPILATION_MODE = wholemodule;
				SWIFT_OPTIMIZATION_LEVEL = "-O";
				VALIDATE_PRODUCT = YES;
			};
			name = Release;
		};
		A207D73F21B2FAD500333909 /* Debug */ = {
			isa = XCBuildConfiguration;
			buildSettings = {
				ASSETCATALOG_COMPILER_APPICON_NAME = AppIcon;
				CODE_SIGN_STYLE = Automatic;
				INFOPLIST_FILE = ProyectoSwift/Info.plist;
				LD_RUNPATH_SEARCH_PATHS = (
					"$(inherited)",
					"@executable_path/Frameworks",
				);
				PRODUCT_BUNDLE_IDENTIFIER = wendy.ProyectoSwift;
				PRODUCT_NAME = "$(TARGET_NAME)";
				SWIFT_VERSION = 4.2;
				TARGETED_DEVICE_FAMILY = "1,2";
			};
			name = Debug;
		};
		A207D74021B2FAD500333909 /* Release */ = {
			isa = XCBuildConfiguration;
			buildSettings = {
				ASSETCATALOG_COMPILER_APPICON_NAME = AppIcon;
				CODE_SIGN_STYLE = Automatic;
				INFOPLIST_FILE = ProyectoSwift/Info.plist;
				LD_RUNPATH_SEARCH_PATHS = (
					"$(inherited)",
					"@executable_path/Frameworks",
				);
				PRODUCT_BUNDLE_IDENTIFIER = wendy.ProyectoSwift;
				PRODUCT_NAME = "$(TARGET_NAME)";
				SWIFT_VERSION = 4.2;
				TARGETED_DEVICE_FAMILY = "1,2";
			};
			name = Release;
		};
/* End XCBuildConfiguration section */

/* Begin XCConfigurationList section */
		A207D72421B2FAD400333909 /* Build configuration list for PBXProject "ProyectoSwift" */ = {
			isa = XCConfigurationList;
			buildConfigurations = (
				A207D73C21B2FAD500333909 /* Debug */,
				A207D73D21B2FAD500333909 /* Release */,
			);
			defaultConfigurationIsVisible = 0;
			defaultConfigurationName = Release;
		};
		A207D73E21B2FAD500333909 /* Build configuration list for PBXNativeTarget "ProyectoSwift" */ = {
			isa = XCConfigurationList;
			buildConfigurations = (
				A207D73F21B2FAD500333909 /* Debug */,
				A207D74021B2FAD500333909 /* Release */,
			);
			defaultConfigurationIsVisible = 0;
			defaultConfigurationName = Release;
		};
/* End XCConfigurationList section */

/* Begin XCVersionGroup section */
		A207D73321B2FAD400333909 /* ProyectoSwift.xcdatamodeld */ = {
			isa = XCVersionGroup;
			children = (
				A207D73421B2FAD400333909 /* ProyectoSwift.xcdatamodel */,
			);
			currentVersion = A207D73421B2FAD400333909 /* ProyectoSwift.xcdatamodel */;
			path = ProyectoSwift.xcdatamodeld;
			sourceTree = "<group>";
			versionGroupType = wrapper.xcdatamodel;
		};
/* End XCVersionGroup section */
	};
	rootObject = A207D72121B2FAD400333909 /* Project object */;
}
